
Microsoft Visual Studio Solution File, Format Version 12.00
# Visual Studio Version 17
VisualStudioVersion = 17.0.31903.59
MinimumVisualStudioVersion = 10.0.40219.1
Project("{2150E333-8FDC-42A3-9474-1A3956D46DE8}") = "backend", "backend", "{1AE8ACA6-933B-BF2A-3671-3E2EAC007D16}"
EndProject
Project("{2150E333-8FDC-42A3-9474-1A3956D46DE8}") = "src", "src", "{0F9113EE-888A-26D2-68B0-4A7D0A2A8745}"
EndProject
Project("{FAE04EC0-301F-11D3-BF4B-00C04F79EFBC}") = "RealtorApi", "backend\src\RealtorApi\RealtorApi.csproj", "{3527BC0A-834F-46FA-9C5B-D78E98FC89DC}"
EndProject
Project("{2150E333-8FDC-42A3-9474-1A3956D46DE8}") = "tests", "tests", "{F57642F3-C37C-D174-720E-6A6AAD5BEE22}"
EndProject
Project("{FAE04EC0-301F-11D3-BF4B-00C04F79EFBC}") = "RealtorApiTests", "backend\tests\RealtorApiTests\RealtorApiTests.csproj", "{5C4FF8A8-6236-4427-A33B-9EB8B22DCC2E}"
EndProject
Project("{2150E333-8FDC-42A3-9474-1A3956D46DE8}") = "frontend", "frontend", "{CE609670-85B9-0D16-FB54-ED063D5D8A6D}"
EndProject
Project("{2150E333-8FDC-42A3-9474-1A3956D46DE8}") = "src", "src", "{E40BF17A-E631-09D5-7889-66BEE0F9AB0F}"
EndProject
Project("{FAE04EC0-301F-11D3-BF4B-00C04F79EFBC}") = "RealtorWeb", "frontend\src\RealtorWeb\RealtorWeb.csproj", "{AAA33660-AC34-4969-8F7C-24DD63103402}"
EndProject
Project("{2150E333-8FDC-42A3-9474-1A3956D46DE8}") = "test", "test", "{AF1A3FFA-602F-3BFC-1AC9-8D5869583099}"
EndProject
Project("{2150E333-8FDC-42A3-9474-1A3956D46DE8}") = "RealtorWeb", "RealtorWeb", "{3E94557F-2D9A-085C-F74D-6138275BF64B}"
EndProject
Project("{FAE04EC0-301F-11D3-BF4B-00C04F79EFBC}") = "RealtorWeb.Tests", "frontend\test\RealtorWeb\RealtorWeb.Tests.csproj", "{2A07D287-2628-48D6-909B-98C6AFE74212}"
EndProject
Global
	GlobalSection(SolutionConfigurationPlatforms) = preSolution
		Debug|Any CPU = Debug|Any CPU
		Debug|x64 = Debug|x64
		Debug|x86 = Debug|x86
		Release|Any CPU = Release|Any CPU
		Release|x64 = Release|x64
		Release|x86 = Release|x86
	EndGlobalSection
	GlobalSection(ProjectConfigurationPlatforms) = postSolution
		{3527BC0A-834F-46FA-9C5B-D78E98FC89DC}.Debug|Any CPU.ActiveCfg = Debug|Any CPU
		{3527BC0A-834F-46FA-9C5B-D78E98FC89DC}.Debug|Any CPU.Build.0 = Debug|Any CPU
		{3527BC0A-834F-46FA-9C5B-D78E98FC89DC}.Debug|x64.ActiveCfg = Debug|Any CPU
		{3527BC0A-834F-46FA-9C5B-D78E98FC89DC}.Debug|x64.Build.0 = Debug|Any CPU
		{3527BC0A-834F-46FA-9C5B-D78E98FC89DC}.Debug|x86.ActiveCfg = Debug|Any CPU
		{3527BC0A-834F-46FA-9C5B-D78E98FC89DC}.Debug|x86.Build.0 = Debug|Any CPU
		{3527BC0A-834F-46FA-9C5B-D78E98FC89DC}.Release|Any CPU.ActiveCfg = Release|Any CPU
		{3527BC0A-834F-46FA-9C5B-D78E98FC89DC}.Release|Any CPU.Build.0 = Release|Any CPU
		{3527BC0A-834F-46FA-9C5B-D78E98FC89DC}.Release|x64.ActiveCfg = Release|Any CPU
		{3527BC0A-834F-46FA-9C5B-D78E98FC89DC}.Release|x64.Build.0 = Release|Any CPU
		{3527BC0A-834F-46FA-9C5B-D78E98FC89DC}.Release|x86.ActiveCfg = Release|Any CPU
		{3527BC0A-834F-46FA-9C5B-D78E98FC89DC}.Release|x86.Build.0 = Release|Any CPU
		{5C4FF8A8-6236-4427-A33B-9EB8B22DCC2E}.Debug|Any CPU.ActiveCfg = Debug|Any CPU
		{5C4FF8A8-6236-4427-A33B-9EB8B22DCC2E}.Debug|Any CPU.Build.0 = Debug|Any CPU
		{5C4FF8A8-6236-4427-A33B-9EB8B22DCC2E}.Debug|x64.ActiveCfg = Debug|Any CPU
		{5C4FF8A8-6236-4427-A33B-9EB8B22DCC2E}.Debug|x64.Build.0 = Debug|Any CPU
		{5C4FF8A8-6236-4427-A33B-9EB8B22DCC2E}.Debug|x86.ActiveCfg = Debug|Any CPU
		{5C4FF8A8-6236-4427-A33B-9EB8B22DCC2E}.Debug|x86.Build.0 = Debug|Any CPU
		{5C4FF8A8-6236-4427-A33B-9EB8B22DCC2E}.Release|Any CPU.ActiveCfg = Release|Any CPU
		{5C4FF8A8-6236-4427-A33B-9EB8B22DCC2E}.Release|Any CPU.Build.0 = Release|Any CPU
		{5C4FF8A8-6236-4427-A33B-9EB8B22DCC2E}.Release|x64.ActiveCfg = Release|Any CPU
		{5C4FF8A8-6236-4427-A33B-9EB8B22DCC2E}.Release|x64.Build.0 = Release|Any CPU
		{5C4FF8A8-6236-4427-A33B-9EB8B22DCC2E}.Release|x86.ActiveCfg = Release|Any CPU
		{5C4FF8A8-6236-4427-A33B-9EB8B22DCC2E}.Release|x86.Build.0 = Release|Any CPU
		{AAA33660-AC34-4969-8F7C-24DD63103402}.Debug|Any CPU.ActiveCfg = Debug|Any CPU
		{AAA33660-AC34-4969-8F7C-24DD63103402}.Debug|Any CPU.Build.0 = Debug|Any CPU
		{AAA33660-AC34-4969-8F7C-24DD63103402}.Debug|x64.ActiveCfg = Debug|Any CPU
		{AAA33660-AC34-4969-8F7C-24DD63103402}.Debug|x64.Build.0 = Debug|Any CPU
		{AAA33660-AC34-4969-8F7C-24DD63103402}.Debug|x86.ActiveCfg = Debug|Any CPU
		{AAA33660-AC34-4969-8F7C-24DD63103402}.Debug|x86.Build.0 = Debug|Any CPU
		{AAA33660-AC34-4969-8F7C-24DD63103402}.Release|Any CPU.ActiveCfg = Release|Any CPU
		{AAA33660-AC34-4969-8F7C-24DD63103402}.Release|Any CPU.Build.0 = Release|Any CPU
		{AAA33660-AC34-4969-8F7C-24DD63103402}.Release|x64.ActiveCfg = Release|Any CPU
		{AAA33660-AC34-4969-8F7C-24DD63103402}.Release|x64.Build.0 = Release|Any CPU
		{AAA33660-AC34-4969-8F7C-24DD63103402}.Release|x86.ActiveCfg = Release|Any CPU
		{AAA33660-AC34-4969-8F7C-24DD63103402}.Release|x86.Build.0 = Release|Any CPU
		{2A07D287-2628-48D6-909B-98C6AFE74212}.Debug|Any CPU.ActiveCfg = Debug|Any CPU
		{2A07D287-2628-48D6-909B-98C6AFE74212}.Debug|Any CPU.Build.0 = Debug|Any CPU
		{2A07D287-2628-48D6-909B-98C6AFE74212}.Debug|x64.ActiveCfg = Debug|Any CPU
		{2A07D287-2628-48D6-909B-98C6AFE74212}.Debug|x64.Build.0 = Debug|Any CPU
		{2A07D287-2628-48D6-909B-98C6AFE74212}.Debug|x86.ActiveCfg = Debug|Any CPU
		{2A07D287-2628-48D6-909B-98C6AFE74212}.Debug|x86.Build.0 = Debug|Any CPU
		{2A07D287-2628-48D6-909B-98C6AFE74212}.Release|Any CPU.ActiveCfg = Release|Any CPU
		{2A07D287-2628-48D6-909B-98C6AFE74212}.Release|Any CPU.Build.0 = Release|Any CPU
		{2A07D287-2628-48D6-909B-98C6AFE74212}.Release|x64.ActiveCfg = Release|Any CPU
		{2A07D287-2628-48D6-909B-98C6AFE74212}.Release|x64.Build.0 = Release|Any CPU
		{2A07D287-2628-48D6-909B-98C6AFE74212}.Release|x86.ActiveCfg = Release|Any CPU
		{2A07D287-2628-48D6-909B-98C6AFE74212}.Release|x86.Build.0 = Release|Any CPU
	EndGlobalSection
	GlobalSection(SolutionProperties) = preSolution
		HideSolutionNode = FALSE
	EndGlobalSection
	GlobalSection(NestedProjects) = preSolution
		{0F9113EE-888A-26D2-68B0-4A7D0A2A8745} = {1AE8ACA6-933B-BF2A-3671-3E2EAC007D16}
		{3527BC0A-834F-46FA-9C5B-D78E98FC89DC} = {0F9113EE-888A-26D2-68B0-4A7D0A2A8745}
		{F57642F3-C37C-D174-720E-6A6AAD5BEE22} = {1AE8ACA6-933B-BF2A-3671-3E2EAC007D16}
		{5C4FF8A8-6236-4427-A33B-9EB8B22DCC2E} = {F57642F3-C37C-D174-720E-6A6AAD5BEE22}
		{E40BF17A-E631-09D5-7889-66BEE0F9AB0F} = {CE609670-85B9-0D16-FB54-ED063D5D8A6D}
		{AAA33660-AC34-4969-8F7C-24DD63103402} = {E40BF17A-E631-09D5-7889-66BEE0F9AB0F}
		{AF1A3FFA-602F-3BFC-1AC9-8D5869583099} = {CE609670-85B9-0D16-FB54-ED063D5D8A6D}
		{3E94557F-2D9A-085C-F74D-6138275BF64B} = {AF1A3FFA-602F-3BFC-1AC9-8D5869583099}
		{2A07D287-2628-48D6-909B-98C6AFE74212} = {3E94557F-2D9A-085C-F74D-6138275BF64B}
	EndGlobalSection
EndGlobal
